// !$*UTF8*$!
{
	archiveVersion = 1;
	classes = {
	};
	objectVersion = 50;
	objects = {

/* Begin PBXBuildFile section */
		A643DC32245A17E100D6C22E /* ApiServices.swift in Sources */ = {isa = PBXBuildFile; fileRef = A643DC31245A17E100D6C22E /* ApiServices.swift */; };
		A643DC34245A190300D6C22E /* Model.swift in Sources */ = {isa = PBXBuildFile; fileRef = A643DC33245A190300D6C22E /* Model.swift */; };
		A643DC36245A20C100D6C22E /* UserViewModel.swift in Sources */ = {isa = PBXBuildFile; fileRef = A643DC35245A20C100D6C22E /* UserViewModel.swift */; };
		A643DC38245A213600D6C22E /* UserListViewModel.swift in Sources */ = {isa = PBXBuildFile; fileRef = A643DC37245A213600D6C22E /* UserListViewModel.swift */; };
		A6CBC064245A148D002AB966 /* AppDelegate.swift in Sources */ = {isa = PBXBuildFile; fileRef = A6CBC063245A148D002AB966 /* AppDelegate.swift */; };
		A6CBC066245A148D002AB966 /* SceneDelegate.swift in Sources */ = {isa = PBXBuildFile; fileRef = A6CBC065245A148D002AB966 /* SceneDelegate.swift */; };
		A6CBC068245A148D002AB966 /* ContentView.swift in Sources */ = {isa = PBXBuildFile; fileRef = A6CBC067245A148D002AB966 /* ContentView.swift */; };
		A6CBC06A245A1490002AB966 /* Assets.xcassets in Resources */ = {isa = PBXBuildFile; fileRef = A6CBC069245A1490002AB966 /* Assets.xcassets */; };
		A6CBC06D245A1490002AB966 /* Preview Assets.xcassets in Resources */ = {isa = PBXBuildFile; fileRef = A6CBC06C245A1490002AB966 /* Preview Assets.xcassets */; };
		A6CBC070245A1490002AB966 /* LaunchScreen.storyboard in Resources */ = {isa = PBXBuildFile; fileRef = A6CBC06E245A1490002AB966 /* LaunchScreen.storyboard */; };
/* End PBXBuildFile section */

/* Begin PBXFileReference section */
		A643DC31245A17E100D6C22E /* ApiServices.swift */ = {isa = PBXFileReference; lastKnownFileType = sourcecode.swift; path = ApiServices.swift; sourceTree = "<group>"; };
		A643DC33245A190300D6C22E /* Model.swift */ = {isa = PBXFileReference; lastKnownFileType = sourcecode.swift; path = Model.swift; sourceTree = "<group>"; };
		A643DC35245A20C100D6C22E /* UserViewModel.swift */ = {isa = PBXFileReference; lastKnownFileType = sourcecode.swift; path = UserViewModel.swift; sourceTree = "<group>"; };
		A643DC37245A213600D6C22E /* UserListViewModel.swift */ = {isa = PBXFileReference; lastKnownFileType = sourcecode.swift; path = UserListViewModel.swift; sourceTree = "<group>"; };
		A6CBC060245A148D002AB966 /* SwftUI-Basic-MVVM.app */ = {isa = PBXFileReference; explicitFileType = wrapper.application; includeInIndex = 0; path = "SwftUI-Basic-MVVM.app"; sourceTree = BUILT_PRODUCTS_DIR; };
		A6CBC063245A148D002AB966 /* AppDelegate.swift */ = {isa = PBXFileReference; lastKnownFileType = sourcecode.swift; path = AppDelegate.swift; sourceTree = "<group>"; };
		A6CBC065245A148D002AB966 /* SceneDelegate.swift */ = {isa = PBXFileReference; lastKnownFileType = sourcecode.swift; path = SceneDelegate.swift; sourceTree = "<group>"; };
		A6CBC067245A148D002AB966 /* ContentView.swift */ = {isa = PBXFileReference; lastKnownFileType = sourcecode.swift; path = ContentView.swift; sourceTree = "<group>"; };
		A6CBC069245A1490002AB966 /* Assets.xcassets */ = {isa = PBXFileReference; lastKnownFileType = folder.assetcatalog; path = Assets.xcassets; sourceTree = "<group>"; };
		A6CBC06C245A1490002AB966 /* Preview Assets.xcassets */ = {isa = PBXFileReference; lastKnownFileType = folder.assetcatalog; path = "Preview Assets.xcassets"; sourceTree = "<group>"; };
		A6CBC06F245A1490002AB966 /* Base */ = {isa = PBXFileReference; lastKnownFileType = file.storyboard; name = Base; path = Base.lproj/LaunchScreen.storyboard; sourceTree = "<group>"; };
		A6CBC071245A1490002AB966 /* Info.plist */ = {isa = PBXFileReference; lastKnownFileType = text.plist.xml; path = Info.plist; sourceTree = "<group>"; };
/* End PBXFileReference section */

/* Begin PBXFrameworksBuildPhase section */
		A6CBC05D245A148D002AB966 /* Frameworks */ = {
			isa = PBXFrameworksBuildPhase;
			buildActionMask = 2147483647;
			files = (
			);
			runOnlyForDeploymentPostprocessing = 0;
		};
/* End PBXFrameworksBuildPhase section */

/* Begin PBXGroup section */
		A6CBC057245A148D002AB966 = {
			isa = PBXGroup;
			children = (
				A6CBC062245A148D002AB966 /* SwftUI-Basic-MVVM */,
				A6CBC061245A148D002AB966 /* Products */,
			);
			sourceTree = "<group>";
		};
		A6CBC061245A148D002AB966 /* Products */ = {
			isa = PBXGroup;
			children = (
				A6CBC060245A148D002AB966 /* SwftUI-Basic-MVVM.app */,
			);
			name = Products;
			sourceTree = "<group>";
		};
		A6CBC062245A148D002AB966 /* SwftUI-Basic-MVVM */ = {
			isa = PBXGroup;
			children = (
				A6CBC063245A148D002AB966 /* AppDelegate.swift */,
				A6CBC065245A148D002AB966 /* SceneDelegate.swift */,
				A6CBC067245A148D002AB966 /* ContentView.swift */,
				A6CBC069245A1490002AB966 /* Assets.xcassets */,
				A6CBC06E245A1490002AB966 /* LaunchScreen.storyboard */,
				A6CBC071245A1490002AB966 /* Info.plist */,
				A6CBC06B245A1490002AB966 /* Preview Content */,
				A643DC31245A17E100D6C22E /* ApiServices.swift */,
				A643DC33245A190300D6C22E /* Model.swift */,
				A643DC35245A20C100D6C22E /* UserViewModel.swift */,
				A643DC37245A213600D6C22E /* UserListViewModel.swift */,
			);
			path = "SwftUI-Basic-MVVM";
			sourceTree = "<group>";
		};
		A6CBC06B245A1490002AB966 /* Preview Content */ = {
			isa = PBXGroup;
			children = (
				A6CBC06C245A1490002AB966 /* Preview Assets.xcassets */,
			);
			path = "Preview Content";
			sourceTree = "<group>";
		};
/* End PBXGroup section */

/* Begin PBXNativeTarget section */
		A6CBC05F245A148D002AB966 /* SwftUI-Basic-MVVM */ = {
			isa = PBXNativeTarget;
			buildConfigurationList = A6CBC074245A1490002AB966 /* Build configuration list for PBXNativeTarget "SwftUI-Basic-MVVM" */;
			buildPhases = (
				A6CBC05C245A148D002AB966 /* Sources */,
				A6CBC05D245A148D002AB966 /* Frameworks */,
				A6CBC05E245A148D002AB966 /* Resources */,
			);
			buildRules = (
			);
			dependencies = (
			);
			name = "SwftUI-Basic-MVVM";
			productName = "SwftUI-Basic-MVVM";
			productReference = A6CBC060245A148D002AB966 /* SwftUI-Basic-MVVM.app */;
			productType = "com.apple.product-type.application";
		};
/* End PBXNativeTarget section */

/* Begin PBXProject section */
		A6CBC058245A148D002AB966 /* Project object */ = {
			isa = PBXProject;
			attributes = {
				LastSwiftUpdateCheck = 1140;
				LastUpgradeCheck = 1140;
				TargetAttributes = {
					A6CBC05F245A148D002AB966 = {
						CreatedOnToolsVersion = 11.4.1;
					};
				};
			};
			buildConfigurationList = A6CBC05B245A148D002AB966 /* Build configuration list for PBXProject "SwftUI-Basic-MVVM" */;
			compatibilityVersion = "Xcode 9.3";
			developmentRegion = en;
			hasScannedForEncodings = 0;
			knownRegions = (
				en,
				Base,
			);
			mainGroup = A6CBC057245A148D002AB966;
			productRefGroup = A6CBC061245A148D002AB966 /* Products */;
			projectDirPath = "";
			projectRoot = "";
			targets = (
				A6CBC05F245A148D002AB966 /* SwftUI-Basic-MVVM */,
			);
		};
/* End PBXProject section */

/* Begin PBXResourcesBuildPhase section */
		A6CBC05E245A148D002AB966 /* Resources */ = {
			isa = PBXResourcesBuildPhase;
			buildActionMask = 2147483647;
			files = (
				A6CBC070245A1490002AB966 /* LaunchScreen.storyboard in Resources */,
				A6CBC06D245A1490002AB966 /* Preview Assets.xcassets in Resources */,
				A6CBC06A245A1490002AB966 /* Assets.xcassets in Resources */,
			);
			runOnlyForDeploymentPostprocessing = 0;
		};
/* End PBXResourcesBuildPhase section */

/* Begin PBXSourcesBuildPhase section */
		A6CBC05C245A148D002AB966 /* Sources */ = {
			isa = PBXSourcesBuildPhase;
			buildActionMask = 2147483647;
			files = (
				A643DC34245A190300D6C22E /* Model.swift in Sources */,
				A643DC36245A20C100D6C22E /* UserViewModel.swift in Sources */,
				A643DC38245A213600D6C22E /* UserListViewModel.swift in Sources */,
				A6CBC064245A148D002AB966 /* AppDelegate.swift in Sources */,
				A6CBC066245A148D002AB966 /* SceneDelegate.swift in Sources */,
				A643DC32245A17E100D6C22E /* ApiServices.swift in Sources */,
				A6CBC068245A148D002AB966 /* ContentView.swift in Sources */,
			);
			runOnlyForDeploymentPostprocessing = 0;
		};
/* End PBXSourcesBuildPhase section */

/* Begin PBXVariantGroup section */
		A6CBC06E245A1490002AB966 /* LaunchScreen.storyboard */ = {
			isa = PBXVariantGroup;
			children = (
				A6CBC06F245A1490002AB966 /* Base */,
			);
			name = LaunchScreen.storyboard;
			sourceTree = "<group>";
		};
/* End PBXVariantGroup section */

/* Begin XCBuildConfiguration section */
		A6CBC072245A1490002AB966 /* Debug */ = {
			isa = XCBuildConfiguration;
			buildSettings = {
				ALWAYS_SEARCH_USER_PATHS = NO;
				CLANG_ANALYZER_NONNULL = YES;
				CLANG_ANALYZER_NUMBER_OBJECT_CONVERSION = YES_AGGRESSIVE;
				CLANG_CXX_LANGUAGE_STANDARD = "gnu++14";
				CLANG_CXX_LIBRARY = "libc++";
				CLANG_ENABLE_MODULES = YES;
				CLANG_ENABLE_OBJC_ARC = YES;
				CLANG_ENABLE_OBJC_WEAK = YES;
				CLANG_WARN_BLOCK_CAPTURE_AUTORELEASING = YES;
				CLANG_WARN_BOOL_CONVERSION = YES;
				CLANG_WARN_COMMA = YES;
				CLANG_WARN_CONSTANT_CONVERSION = YES;
				CLANG_WARN_DEPRECATED_OBJC_IMPLEMENTATIONS = YES;
				CLANG_WARN_DIRECT_OBJC_ISA_USAGE = YES_ERROR;
				CLANG_WARN_DOCUMENTATION_COMMENTS = YES;
				CLANG_WARN_EMPTY_BODY = YES;
				CLANG_WARN_ENUM_CONVERSION = YES;
				CLANG_WARN_INFINITE_RECURSION = YES;
				CLANG_WARN_INT_CONVERSION = YES;
				CLANG_WARN_NON_LITERAL_NULL_CONVERSION = YES;
				CLANG_WARN_OBJC_IMPLICIT_RETAIN_SELF = YES;
				CLANG_WARN_OBJC_LITERAL_CONVERSION = YES;
				CLANG_WARN_OBJC_ROOT_CLASS = YES_ERROR;
				CLANG_WARN_RANGE_LOOP_ANALYSIS = YES;
				CLANG_WARN_STRICT_PROTOTYPES = YES;
				CLANG_WARN_SUSPICIOUS_MOVE = YES;
				CLANG_WARN_UNGUARDED_AVAILABILITY = YES_AGGRESSIVE;
				CLANG_WARN_UNREACHABLE_CODE = YES;
				CLANG_WARN__DUPLICATE_METHOD_MATCH = YES;
				COPY_PHASE_STRIP = NO;
				DEBUG_INFORMATION_FORMAT = dwarf;
				ENABLE_STRICT_OBJC_MSGSEND = YES;
				ENABLE_TESTABILITY = YES;
				GCC_C_LANGUAGE_STANDARD = gnu11;
				GCC_DYNAMIC_NO_PIC = NO;
				GCC_NO_COMMON_BLOCKS = YES;
				GCC_OPTIMIZATION_LEVEL = 0;
				GCC_PREPROCESSOR_DEFINITIONS = (
					"DEBUG=1",
					"$(inherited)",
				);
				GCC_WARN_64_TO_32_BIT_CONVERSION = YES;
				GCC_WARN_ABOUT_RETURN_TYPE = YES_ERROR;
				GCC_WARN_UNDECLARED_SELECTOR = YES;
				GCC_WARN_UNINITIALIZED_AUTOS = YES_AGGRESSIVE;
				GCC_WARN_UNUSED_FUNCTION = YES;
				GCC_WARN_UNUSED_VARIABLE = YES;
				IPHONEOS_DEPLOYMENT_TARGET = 13.4;
				MTL_ENABLE_DEBUG_INFO = INCLUDE_SOURCE;
				MTL_FAST_MATH = YES;
				ONLY_ACTIVE_ARCH = YES;
				SDKROOT = iphoneos;
				SWIFT_ACTIVE_COMPILATION_CONDITIONS = DEBUG;
				SWIFT_OPTIMIZATION_LEVEL = "-Onone";
			};
			name = Debug;
		};
		A6CBC073245A1490002AB966 /* Release */ = {
			isa = XCBuildConfiguration;
			buildSettings = {
				ALWAYS_SEARCH_USER_PATHS = NO;
				CLANG_ANALYZER_NONNULL = YES;
				CLANG_ANALYZER_NUMBER_OBJECT_CONVERSION = YES_AGGRESSIVE;
				CLANG_CXX_LANGUAGE_STANDARD = "gnu++14";
				CLANG_CXX_LIBRARY = "libc++";
				CLANG_ENABLE_MODULES = YES;
				CLANG_ENABLE_OBJC_ARC = YES;
				CLANG_ENABLE_OBJC_WEAK = YES;
				CLANG_WARN_BLOCK_CAPTURE_AUTORELEASING = YES;
				CLANG_WARN_BOOL_CONVERSION = YES;
				CLANG_WARN_COMMA = YES;
				CLANG_WARN_CONSTANT_CONVERSION = YES;
				CLANG_WARN_DEPRECATED_OBJC_IMPLEMENTATIONS = YES;
				CLANG_WARN_DIRECT_OBJC_ISA_USAGE = YES_ERROR;
				CLANG_WARN_DOCUMENTATION_COMMENTS = YES;
				CLANG_WARN_EMPTY_BODY = YES;
				CLANG_WARN_ENUM_CONVERSION = YES;
				CLANG_WARN_INFINITE_RECURSION = YES;
				CLANG_WARN_INT_CONVERSION = YES;
				CLANG_WARN_NON_LITERAL_NULL_CONVERSION = YES;
				CLANG_WARN_OBJC_IMPLICIT_RETAIN_SELF = YES;
				CLANG_WARN_OBJC_LITERAL_CONVERSION = YES;
				CLANG_WARN_OBJC_ROOT_CLASS = YES_ERROR;
				CLANG_WARN_RANGE_LOOP_ANALYSIS = YES;
				CLANG_WARN_STRICT_PROTOTYPES = YES;
				CLANG_WARN_SUSPICIOUS_MOVE = YES;
				CLANG_WARN_UNGUARDED_AVAILABILITY = YES_AGGRESSIVE;
				CLANG_WARN_UNREACHABLE_CODE = YES;
				CLANG_WARN__DUPLICATE_METHOD_MATCH = YES;
				COPY_PHASE_STRIP = NO;
				DEBUG_INFORMATION_FORMAT = "dwarf-with-dsym";
				ENABLE_NS_ASSERTIONS = NO;
				ENABLE_STRICT_OBJC_MSGSEND = YES;
				GCC_C_LANGUAGE_STANDARD = gnu11;
				GCC_NO_COMMON_BLOCKS = YES;
				GCC_WARN_64_TO_32_BIT_CONVERSION = YES;
				GCC_WARN_ABOUT_RETURN_TYPE = YES_ERROR;
				GCC_WARN_UNDECLARED_SELECTOR = YES;
				GCC_WARN_UNINITIALIZED_AUTOS = YES_AGGRESSIVE;
				GCC_WARN_UNUSED_FUNCTION = YES;
				GCC_WARN_UNUSED_VARIABLE = YES;
				IPHONEOS_DEPLOYMENT_TARGET = 13.4;
				MTL_ENABLE_DEBUG_INFO = NO;
				MTL_FAST_MATH = YES;
				SDKROOT = iphoneos;
				SWIFT_COMPILATION_MODE = wholemodule;
				SWIFT_OPTIMIZATION_LEVEL = "-O";
				VALIDATE_PRODUCT = YES;
			};
			name = Release;
		};
		A6CBC075245A1490002AB966 /* Debug */ = {
			isa = XCBuildConfiguration;
			buildSettings = {
				ASSETCATALOG_COMPILER_APPICON_NAME = AppIcon;
				CODE_SIGN_STYLE = Automatic;
				DEVELOPMENT_ASSET_PATHS = "\"SwftUI-Basic-MVVM/Preview Content\"";
				ENABLE_PREVIEWS = YES;
				INFOPLIST_FILE = "SwftUI-Basic-MVVM/Info.plist";
				LD_RUNPATH_SEARCH_PATHS = (
					"$(inherited)",
					"@executable_path/Frameworks",
				);
				PRODUCT_BUNDLE_IDENTIFIER = "studio.elevenbox.SwftUI-Basic-MVVM";
				PRODUCT_NAME = "$(TARGET_NAME)";
				SWIFT_VERSION = 5.0;
				TARGETED_DEVICE_FAMILY = "1,2";
			};
			name = Debug;
		};
		A6CBC076245A1490002AB966 /* Release */ = {
			isa = XCBuildConfiguration;
			buildSettings = {
				ASSETCATALOG_COMPILER_APPICON_NAME = AppIcon;
				CODE_SIGN_STYLE = Automatic;
				DEVELOPMENT_ASSET_PATHS = "\"SwftUI-Basic-MVVM/Preview Content\"";
				ENABLE_PREVIEWS = YES;
				INFOPLIST_FILE = "SwftUI-Basic-MVVM/Info.plist";
				LD_RUNPATH_SEARCH_PATHS = (
					"$(inherited)",
					"@executable_path/Frameworks",
				);
				PRODUCT_BUNDLE_IDENTIFIER = "studio.elevenbox.SwftUI-Basic-MVVM";
				PRODUCT_NAME = "$(TARGET_NAME)";
				SWIFT_VERSION = 5.0;
				TARGETED_DEVICE_FAMILY = "1,2";
			};
			name = Release;
		};
/* End XCBuildConfiguration section */

/* Begin XCConfigurationList section */
		A6CBC05B245A148D002AB966 /* Build configuration list for PBXProject "SwftUI-Basic-MVVM" */ = {
			isa = XCConfigurationList;
			buildConfigurations = (
				A6CBC072245A1490002AB966 /* Debug */,
				A6CBC073245A1490002AB966 /* Release */,
			);
			defaultConfigurationIsVisible = 0;
			defaultConfigurationName = Release;
		};
		A6CBC074245A1490002AB966 /* Build configuration list for PBXNativeTarget "SwftUI-Basic-MVVM" */ = {
			isa = XCConfigurationList;
			buildConfigurations = (
				A6CBC075245A1490002AB966 /* Debug */,
				A6CBC076245A1490002AB966 /* Release */,
			);
			defaultConfigurationIsVisible = 0;
			defaultConfigurationName = Release;
		};
/* End XCConfigurationList section */
	};
	rootObject = A6CBC058245A148D002AB966 /* Project object */;
}
